
Microsoft Visual Studio Solution File, Format Version 12.00
# Visual Studio Version 16
VisualStudioVersion = 16.0.31019.35
MinimumVisualStudioVersion = 10.0.40219.1
Project("{888888A0-9F3D-457C-B088-3A5042F75D52}") = "Build", "Build.pyproj", "{BEE50B09-88DA-4EF8-8C49-E2867A01CD81}"
EndProject
Global
	GlobalSection(SolutionConfigurationPlatforms) = preSolution
		Debug|Any CPU = Debug|Any CPU
		Release|Any CPU = Release|Any CPU
	EndGlobalSection
	GlobalSection(ProjectConfigurationPlatforms) = postSolution
		{BEE50B09-88DA-4EF8-8C49-E2867A01CD81}.Debug|Any CPU.ActiveCfg = Debug|Any CPU
		{BEE50B09-88DA-4EF8-8C49-E2867A01CD81}.Release|Any CPU.ActiveCfg = Release|Any CPU
	EndGlobalSection
	GlobalSection(SolutionProperties) = preSolution
		HideSolutionNode = FALSE
	EndGlobalSection
	GlobalSection(ExtensibilityGlobals) = postSolution
		SolutionGuid = {D63ECE7E-4E49-4049-8260-5F7B6781DA6E}
	EndGlobalSection
EndGlobal
